// !$*UTF8*$!
{
	archiveVersion = 1;
	classes = {
	};
	objectVersion = 56;
	objects = {

/* Begin PBXBuildFile section */
		A53852F92BA844280037495D /* NotificationService.swift in Sources */ = {isa = PBXBuildFile; fileRef = A53852F82BA844280037495D /* NotificationService.swift */; };
		A53852FD2BA844280037495D /* NotificationExtension.appex in Embed Foundation Extensions */ = {isa = PBXBuildFile; fileRef = A53852F62BA844280037495D /* NotificationExtension.appex */; settings = {ATTRIBUTES = (RemoveHeadersOnCopy, ); }; };
		A566A6092B981A4700450AC5 /* NotificationService.swift in Sources */ = {isa = PBXBuildFile; fileRef = A566A6082B981A4700450AC5 /* NotificationService.swift */; };
		A762DAD42B9CE1C100DB8CAE /* Logger+.swift in Sources */ = {isa = PBXBuildFile; fileRef = A762DAD32B9CE1C100DB8CAE /* Logger+.swift */; };
		A762DAD72B9D6BAA00DB8CAE /* FirebaseMessaging in Frameworks */ = {isa = PBXBuildFile; productRef = A762DAD62B9D6BAA00DB8CAE /* FirebaseMessaging */; };
		A762DAD92B9D78CD00DB8CAE /* String+.swift in Sources */ = {isa = PBXBuildFile; fileRef = A762DAD82B9D78CD00DB8CAE /* String+.swift */; };
		A762DADB2B9D7B5500DB8CAE /* Data+.swift in Sources */ = {isa = PBXBuildFile; fileRef = A762DADA2B9D7B5500DB8CAE /* Data+.swift */; };
		A77D97052BAEACEB00E7FBBC /* FirebaseMessaging in Frameworks */ = {isa = PBXBuildFile; productRef = A77D97042BAEACEB00E7FBBC /* FirebaseMessaging */; };
		A7A54B512B8E592E006EFA56 /* Complete-iOSApp.swift in Sources */ = {isa = PBXBuildFile; fileRef = A7A54B502B8E592E006EFA56 /* Complete-iOSApp.swift */; };
		A7A54B532B8E592E006EFA56 /* ContentView.swift in Sources */ = {isa = PBXBuildFile; fileRef = A7A54B522B8E592E006EFA56 /* ContentView.swift */; };
		A7A54B572B8E592F006EFA56 /* Assets.xcassets in Resources */ = {isa = PBXBuildFile; fileRef = A7A54B562B8E592F006EFA56 /* Assets.xcassets */; };
		A7A54B5A2B8E592F006EFA56 /* Preview Assets.xcassets in Resources */ = {isa = PBXBuildFile; fileRef = A7A54B592B8E592F006EFA56 /* Preview Assets.xcassets */; };
		A7A54B642B8E592F006EFA56 /* Complete-iOSTests.swift in Sources */ = {isa = PBXBuildFile; fileRef = A7A54B632B8E592F006EFA56 /* Complete-iOSTests.swift */; };
		A7A54B6E2B8E592F006EFA56 /* Complete-iOSUITests.swift in Sources */ = {isa = PBXBuildFile; fileRef = A7A54B6D2B8E592F006EFA56 /* Complete-iOSUITests.swift */; };
		A7A54B702B8E592F006EFA56 /* Complete-iOSUITestsLaunchTests.swift in Sources */ = {isa = PBXBuildFile; fileRef = A7A54B6F2B8E592F006EFA56 /* Complete-iOSUITestsLaunchTests.swift */; };
		A7B3CD452B962E420036B861 /* AppDelegate.swift in Sources */ = {isa = PBXBuildFile; fileRef = A7B3CD442B962E420036B861 /* AppDelegate.swift */; };
		A7B3CD4F2B9776760036B861 /* FirebaseAnalyticsService.swift in Sources */ = {isa = PBXBuildFile; fileRef = A7B3CD4E2B9776760036B861 /* FirebaseAnalyticsService.swift */; };
		A7B3CD522B9779970036B861 /* AppTrackingService.swift in Sources */ = {isa = PBXBuildFile; fileRef = A7B3CD512B9779970036B861 /* AppTrackingService.swift */; };
		A7B3CD552B98A36C0036B861 /* AppTrackingTransparency.framework in Frameworks */ = {isa = PBXBuildFile; fileRef = A7B3CD542B98A36C0036B861 /* AppTrackingTransparency.framework */; };
		A7B3CD5B2B98C7490036B861 /* FirebaseAnalytics in Frameworks */ = {isa = PBXBuildFile; productRef = A7B3CD5A2B98C7490036B861 /* FirebaseAnalytics */; };
		A7B3CD5F2B98CE400036B861 /* GoogleService-Info.plist in Resources */ = {isa = PBXBuildFile; fileRef = A7B3CD5E2B98CE3F0036B861 /* GoogleService-Info.plist */; };
		A7DA29752B98D1FB0046E5CC /* Item.swift in Sources */ = {isa = PBXBuildFile; fileRef = A7DA29742B98D1FB0046E5CC /* Item.swift */; };
		A7DA29772B9A0B010046E5CC /* AdSupport.framework in Frameworks */ = {isa = PBXBuildFile; fileRef = A7DA29762B9A0B000046E5CC /* AdSupport.framework */; };
/* End PBXBuildFile section */

/* Begin PBXContainerItemProxy section */
		A53852FB2BA844280037495D /* PBXContainerItemProxy */ = {
			isa = PBXContainerItemProxy;
			containerPortal = A7A54B452B8E592E006EFA56 /* Project object */;
			proxyType = 1;
			remoteGlobalIDString = A53852F52BA844280037495D;
			remoteInfo = NotificationExtension;
		};
		A7A54B602B8E592F006EFA56 /* PBXContainerItemProxy */ = {
			isa = PBXContainerItemProxy;
			containerPortal = A7A54B452B8E592E006EFA56 /* Project object */;
			proxyType = 1;
			remoteGlobalIDString = A7A54B4C2B8E592E006EFA56;
			remoteInfo = "Complete-iOS";
		};
		A7A54B6A2B8E592F006EFA56 /* PBXContainerItemProxy */ = {
			isa = PBXContainerItemProxy;
			containerPortal = A7A54B452B8E592E006EFA56 /* Project object */;
			proxyType = 1;
			remoteGlobalIDString = A7A54B4C2B8E592E006EFA56;
			remoteInfo = "Complete-iOS";
		};
/* End PBXContainerItemProxy section */

/* Begin PBXCopyFilesBuildPhase section */
		A53852FE2BA844280037495D /* Embed Foundation Extensions */ = {
			isa = PBXCopyFilesBuildPhase;
			buildActionMask = 2147483647;
			dstPath = "";
			dstSubfolderSpec = 13;
			files = (
				A53852FD2BA844280037495D /* NotificationExtension.appex in Embed Foundation Extensions */,
			);
			name = "Embed Foundation Extensions";
			runOnlyForDeploymentPostprocessing = 0;
		};
/* End PBXCopyFilesBuildPhase section */

/* Begin PBXFileReference section */
		A53852F62BA844280037495D /* NotificationExtension.appex */ = {isa = PBXFileReference; explicitFileType = "wrapper.app-extension"; includeInIndex = 0; path = NotificationExtension.appex; sourceTree = BUILT_PRODUCTS_DIR; };
		A53852F82BA844280037495D /* NotificationService.swift */ = {isa = PBXFileReference; lastKnownFileType = sourcecode.swift; path = NotificationService.swift; sourceTree = "<group>"; };
		A53852FA2BA844280037495D /* Info.plist */ = {isa = PBXFileReference; lastKnownFileType = text.plist.xml; path = Info.plist; sourceTree = "<group>"; };
		A566A6082B981A4700450AC5 /* NotificationService.swift */ = {isa = PBXFileReference; fileEncoding = 4; lastKnownFileType = sourcecode.swift; path = NotificationService.swift; sourceTree = "<group>"; };
		A762DAD32B9CE1C100DB8CAE /* Logger+.swift */ = {isa = PBXFileReference; lastKnownFileType = sourcecode.swift; path = "Logger+.swift"; sourceTree = "<group>"; };
		A762DAD52B9D69E700DB8CAE /* Complete-iOS.entitlements */ = {isa = PBXFileReference; lastKnownFileType = text.plist.entitlements; path = "Complete-iOS.entitlements"; sourceTree = "<group>"; };
		A762DAD82B9D78CD00DB8CAE /* String+.swift */ = {isa = PBXFileReference; lastKnownFileType = sourcecode.swift; path = "String+.swift"; sourceTree = "<group>"; };
		A762DADA2B9D7B5500DB8CAE /* Data+.swift */ = {isa = PBXFileReference; lastKnownFileType = sourcecode.swift; path = "Data+.swift"; sourceTree = "<group>"; };
		A7A54B4D2B8E592E006EFA56 /* Complete-iOS.app */ = {isa = PBXFileReference; explicitFileType = wrapper.application; includeInIndex = 0; path = "Complete-iOS.app"; sourceTree = BUILT_PRODUCTS_DIR; };
		A7A54B502B8E592E006EFA56 /* Complete-iOSApp.swift */ = {isa = PBXFileReference; lastKnownFileType = sourcecode.swift; path = "Complete-iOSApp.swift"; sourceTree = "<group>"; };
		A7A54B522B8E592E006EFA56 /* ContentView.swift */ = {isa = PBXFileReference; lastKnownFileType = sourcecode.swift; path = ContentView.swift; sourceTree = "<group>"; };
		A7A54B562B8E592F006EFA56 /* Assets.xcassets */ = {isa = PBXFileReference; lastKnownFileType = folder.assetcatalog; path = Assets.xcassets; sourceTree = "<group>"; };
		A7A54B592B8E592F006EFA56 /* Preview Assets.xcassets */ = {isa = PBXFileReference; lastKnownFileType = folder.assetcatalog; path = "Preview Assets.xcassets"; sourceTree = "<group>"; };
		A7A54B5F2B8E592F006EFA56 /* Complete-iOSTests.xctest */ = {isa = PBXFileReference; explicitFileType = wrapper.cfbundle; includeInIndex = 0; path = "Complete-iOSTests.xctest"; sourceTree = BUILT_PRODUCTS_DIR; };
		A7A54B632B8E592F006EFA56 /* Complete-iOSTests.swift */ = {isa = PBXFileReference; lastKnownFileType = sourcecode.swift; path = "Complete-iOSTests.swift"; sourceTree = "<group>"; };
		A7A54B692B8E592F006EFA56 /* Complete-iOSUITests.xctest */ = {isa = PBXFileReference; explicitFileType = wrapper.cfbundle; includeInIndex = 0; path = "Complete-iOSUITests.xctest"; sourceTree = BUILT_PRODUCTS_DIR; };
		A7A54B6D2B8E592F006EFA56 /* Complete-iOSUITests.swift */ = {isa = PBXFileReference; lastKnownFileType = sourcecode.swift; path = "Complete-iOSUITests.swift"; sourceTree = "<group>"; };
		A7A54B6F2B8E592F006EFA56 /* Complete-iOSUITestsLaunchTests.swift */ = {isa = PBXFileReference; lastKnownFileType = sourcecode.swift; path = "Complete-iOSUITestsLaunchTests.swift"; sourceTree = "<group>"; };
		A7B3CD432B962DD80036B861 /* Info.plist */ = {isa = PBXFileReference; lastKnownFileType = text.plist.xml; path = Info.plist; sourceTree = "<group>"; };
		A7B3CD442B962E420036B861 /* AppDelegate.swift */ = {isa = PBXFileReference; lastKnownFileType = sourcecode.swift; path = AppDelegate.swift; sourceTree = "<group>"; };
		A7B3CD4E2B9776760036B861 /* FirebaseAnalyticsService.swift */ = {isa = PBXFileReference; lastKnownFileType = sourcecode.swift; path = FirebaseAnalyticsService.swift; sourceTree = "<group>"; };
		A7B3CD512B9779970036B861 /* AppTrackingService.swift */ = {isa = PBXFileReference; lastKnownFileType = sourcecode.swift; path = AppTrackingService.swift; sourceTree = "<group>"; };
		A7B3CD542B98A36C0036B861 /* AppTrackingTransparency.framework */ = {isa = PBXFileReference; lastKnownFileType = wrapper.framework; name = AppTrackingTransparency.framework; path = System/Library/Frameworks/AppTrackingTransparency.framework; sourceTree = SDKROOT; };
		A7B3CD5E2B98CE3F0036B861 /* GoogleService-Info.plist */ = {isa = PBXFileReference; fileEncoding = 4; lastKnownFileType = text.plist.xml; path = "GoogleService-Info.plist"; sourceTree = "<group>"; };
		A7DA29742B98D1FB0046E5CC /* Item.swift */ = {isa = PBXFileReference; fileEncoding = 4; lastKnownFileType = sourcecode.swift; path = Item.swift; sourceTree = "<group>"; };
		A7DA29762B9A0B000046E5CC /* AdSupport.framework */ = {isa = PBXFileReference; lastKnownFileType = wrapper.framework; name = AdSupport.framework; path = System/Library/Frameworks/AdSupport.framework; sourceTree = SDKROOT; };
/* End PBXFileReference section */

/* Begin PBXFrameworksBuildPhase section */
		A53852F32BA844280037495D /* Frameworks */ = {
			isa = PBXFrameworksBuildPhase;
			buildActionMask = 2147483647;
			files = (
				A77D97052BAEACEB00E7FBBC /* FirebaseMessaging in Frameworks */,
			);
			runOnlyForDeploymentPostprocessing = 0;
		};
		A7A54B4A2B8E592E006EFA56 /* Frameworks */ = {
			isa = PBXFrameworksBuildPhase;
			buildActionMask = 2147483647;
			files = (
				A762DAD72B9D6BAA00DB8CAE /* FirebaseMessaging in Frameworks */,
				A7B3CD5B2B98C7490036B861 /* FirebaseAnalytics in Frameworks */,
				A7B3CD552B98A36C0036B861 /* AppTrackingTransparency.framework in Frameworks */,
				A7DA29772B9A0B010046E5CC /* AdSupport.framework in Frameworks */,
			);
			runOnlyForDeploymentPostprocessing = 0;
		};
		A7A54B5C2B8E592F006EFA56 /* Frameworks */ = {
			isa = PBXFrameworksBuildPhase;
			buildActionMask = 2147483647;
			files = (
			);
			runOnlyForDeploymentPostprocessing = 0;
		};
		A7A54B662B8E592F006EFA56 /* Frameworks */ = {
			isa = PBXFrameworksBuildPhase;
			buildActionMask = 2147483647;
			files = (
			);
			runOnlyForDeploymentPostprocessing = 0;
		};
/* End PBXFrameworksBuildPhase section */

/* Begin PBXGroup section */
		A53852F72BA844280037495D /* NotificationExtension */ = {
			isa = PBXGroup;
			children = (
				A53852F82BA844280037495D /* NotificationService.swift */,
				A53852FA2BA844280037495D /* Info.plist */,
			);
			path = NotificationExtension;
			sourceTree = "<group>";
		};
		A762DAD22B9CE1A900DB8CAE /* Util */ = {
			isa = PBXGroup;
			children = (
			);
			path = Util;
			sourceTree = "<group>";
		};
		A7A54B442B8E592E006EFA56 = {
			isa = PBXGroup;
			children = (
				A7A54B4F2B8E592E006EFA56 /* Complete-iOS */,
				A7A54B622B8E592F006EFA56 /* Complete-iOSTests */,
				A7A54B6C2B8E592F006EFA56 /* Complete-iOSUITests */,
				A53852F72BA844280037495D /* NotificationExtension */,
				A7A54B4E2B8E592E006EFA56 /* Products */,
				A7B3CD532B98A36C0036B861 /* Frameworks */,
			);
			sourceTree = "<group>";
		};
		A7A54B4E2B8E592E006EFA56 /* Products */ = {
			isa = PBXGroup;
			children = (
				A7A54B4D2B8E592E006EFA56 /* Complete-iOS.app */,
				A7A54B5F2B8E592F006EFA56 /* Complete-iOSTests.xctest */,
				A7A54B692B8E592F006EFA56 /* Complete-iOSUITests.xctest */,
				A53852F62BA844280037495D /* NotificationExtension.appex */,
			);
			name = Products;
			sourceTree = "<group>";
		};
		A7A54B4F2B8E592E006EFA56 /* Complete-iOS */ = {
			isa = PBXGroup;
			children = (
				A762DAD52B9D69E700DB8CAE /* Complete-iOS.entitlements */,
				A7B3CD442B962E420036B861 /* AppDelegate.swift */,
				A7A54B502B8E592E006EFA56 /* Complete-iOSApp.swift */,
				A7A54B522B8E592E006EFA56 /* ContentView.swift */,
				A7DA29732B98D1FB0046E5CC /* Model */,
				A7B3CD502B97767C0036B861 /* Services */,
				A7B3CD462B962E880036B861 /* Extentions */,
				A762DAD22B9CE1A900DB8CAE /* Util */,
				A7B3CD482B96300C0036B861 /* Resources */,
				A7A54B582B8E592F006EFA56 /* Preview Content */,
			);
			path = "Complete-iOS";
			sourceTree = "<group>";
		};
		A7A54B582B8E592F006EFA56 /* Preview Content */ = {
			isa = PBXGroup;
			children = (
				A7A54B592B8E592F006EFA56 /* Preview Assets.xcassets */,
			);
			path = "Preview Content";
			sourceTree = "<group>";
		};
		A7A54B622B8E592F006EFA56 /* Complete-iOSTests */ = {
			isa = PBXGroup;
			children = (
				A7A54B632B8E592F006EFA56 /* Complete-iOSTests.swift */,
			);
			path = "Complete-iOSTests";
			sourceTree = "<group>";
		};
		A7A54B6C2B8E592F006EFA56 /* Complete-iOSUITests */ = {
			isa = PBXGroup;
			children = (
				A7A54B6D2B8E592F006EFA56 /* Complete-iOSUITests.swift */,
				A7A54B6F2B8E592F006EFA56 /* Complete-iOSUITestsLaunchTests.swift */,
			);
			path = "Complete-iOSUITests";
			sourceTree = "<group>";
		};
		A7B3CD462B962E880036B861 /* Extentions */ = {
			isa = PBXGroup;
			children = (
				A762DAD32B9CE1C100DB8CAE /* Logger+.swift */,
				A762DAD82B9D78CD00DB8CAE /* String+.swift */,
				A762DADA2B9D7B5500DB8CAE /* Data+.swift */,
			);
			path = Extentions;
			sourceTree = "<group>";
		};
		A7B3CD482B96300C0036B861 /* Resources */ = {
			isa = PBXGroup;
			children = (
				A7B3CD5E2B98CE3F0036B861 /* GoogleService-Info.plist */,
				A7A54B562B8E592F006EFA56 /* Assets.xcassets */,
				A7B3CD432B962DD80036B861 /* Info.plist */,
			);
			path = Resources;
			sourceTree = "<group>";
		};
		A7B3CD502B97767C0036B861 /* Services */ = {
			isa = PBXGroup;
			children = (
				A566A6082B981A4700450AC5 /* NotificationService.swift */,
				A7B3CD4E2B9776760036B861 /* FirebaseAnalyticsService.swift */,
				A7B3CD512B9779970036B861 /* AppTrackingService.swift */,
			);
			path = Services;
			sourceTree = "<group>";
		};
		A7B3CD532B98A36C0036B861 /* Frameworks */ = {
			isa = PBXGroup;
			children = (
				A7DA29762B9A0B000046E5CC /* AdSupport.framework */,
				A7B3CD542B98A36C0036B861 /* AppTrackingTransparency.framework */,
			);
			name = Frameworks;
			sourceTree = "<group>";
		};
		A7DA29732B98D1FB0046E5CC /* Model */ = {
			isa = PBXGroup;
			children = (
				A7DA29742B98D1FB0046E5CC /* Item.swift */,
			);
			path = Model;
			sourceTree = "<group>";
		};
/* End PBXGroup section */

/* Begin PBXNativeTarget section */
		A53852F52BA844280037495D /* NotificationExtension */ = {
			isa = PBXNativeTarget;
			buildConfigurationList = A53853012BA844280037495D /* Build configuration list for PBXNativeTarget "NotificationExtension" */;
			buildPhases = (
				A53852F22BA844280037495D /* Sources */,
				A53852F32BA844280037495D /* Frameworks */,
				A53852F42BA844280037495D /* Resources */,
			);
			buildRules = (
			);
			dependencies = (
			);
			name = NotificationExtension;
			packageProductDependencies = (
				A77D97042BAEACEB00E7FBBC /* FirebaseMessaging */,
			);
			productName = NotificationExtension;
			productReference = A53852F62BA844280037495D /* NotificationExtension.appex */;
			productType = "com.apple.product-type.app-extension";
		};
		A7A54B4C2B8E592E006EFA56 /* Complete-iOS */ = {
			isa = PBXNativeTarget;
			buildConfigurationList = A7A54B732B8E592F006EFA56 /* Build configuration list for PBXNativeTarget "Complete-iOS" */;
			buildPhases = (
				A7A54B492B8E592E006EFA56 /* Sources */,
				A7A54B4A2B8E592E006EFA56 /* Frameworks */,
				A7A54B4B2B8E592E006EFA56 /* Resources */,
				A53852FE2BA844280037495D /* Embed Foundation Extensions */,
			);
			buildRules = (
			);
			dependencies = (
				A53852FC2BA844280037495D /* PBXTargetDependency */,
			);
			name = "Complete-iOS";
			packageProductDependencies = (
				A7B3CD5A2B98C7490036B861 /* FirebaseAnalytics */,
				A762DAD62B9D6BAA00DB8CAE /* FirebaseMessaging */,
			);
			productName = "Complete-iOS";
			productReference = A7A54B4D2B8E592E006EFA56 /* Complete-iOS.app */;
			productType = "com.apple.product-type.application";
		};
		A7A54B5E2B8E592F006EFA56 /* Complete-iOSTests */ = {
			isa = PBXNativeTarget;
			buildConfigurationList = A7A54B762B8E592F006EFA56 /* Build configuration list for PBXNativeTarget "Complete-iOSTests" */;
			buildPhases = (
				A7A54B5B2B8E592F006EFA56 /* Sources */,
				A7A54B5C2B8E592F006EFA56 /* Frameworks */,
				A7A54B5D2B8E592F006EFA56 /* Resources */,
			);
			buildRules = (
			);
			dependencies = (
				A7A54B612B8E592F006EFA56 /* PBXTargetDependency */,
			);
			name = "Complete-iOSTests";
			productName = "Complete-iOSTests";
			productReference = A7A54B5F2B8E592F006EFA56 /* Complete-iOSTests.xctest */;
			productType = "com.apple.product-type.bundle.unit-test";
		};
		A7A54B682B8E592F006EFA56 /* Complete-iOSUITests */ = {
			isa = PBXNativeTarget;
			buildConfigurationList = A7A54B792B8E592F006EFA56 /* Build configuration list for PBXNativeTarget "Complete-iOSUITests" */;
			buildPhases = (
				A7A54B652B8E592F006EFA56 /* Sources */,
				A7A54B662B8E592F006EFA56 /* Frameworks */,
				A7A54B672B8E592F006EFA56 /* Resources */,
			);
			buildRules = (
			);
			dependencies = (
				A7A54B6B2B8E592F006EFA56 /* PBXTargetDependency */,
			);
			name = "Complete-iOSUITests";
			productName = "Complete-iOSUITests";
			productReference = A7A54B692B8E592F006EFA56 /* Complete-iOSUITests.xctest */;
			productType = "com.apple.product-type.bundle.ui-testing";
		};
/* End PBXNativeTarget section */

/* Begin PBXProject section */
		A7A54B452B8E592E006EFA56 /* Project object */ = {
			isa = PBXProject;
			attributes = {
				BuildIndependentTargetsInParallel = 1;
				LastSwiftUpdateCheck = 1520;
				LastUpgradeCheck = 1520;
				TargetAttributes = {
					A53852F52BA844280037495D = {
						CreatedOnToolsVersion = 15.2;
					};
					A7A54B4C2B8E592E006EFA56 = {
						CreatedOnToolsVersion = 15.2;
					};
					A7A54B5E2B8E592F006EFA56 = {
						CreatedOnToolsVersion = 15.2;
						TestTargetID = A7A54B4C2B8E592E006EFA56;
					};
					A7A54B682B8E592F006EFA56 = {
						CreatedOnToolsVersion = 15.2;
						TestTargetID = A7A54B4C2B8E592E006EFA56;
					};
				};
			};
			buildConfigurationList = A7A54B482B8E592E006EFA56 /* Build configuration list for PBXProject "Complete-iOS" */;
			compatibilityVersion = "Xcode 14.0";
			developmentRegion = en;
			hasScannedForEncodings = 0;
			knownRegions = (
				en,
				Base,
			);
			mainGroup = A7A54B442B8E592E006EFA56;
			packageReferences = (
				A7B3CD592B98C7490036B861 /* XCRemoteSwiftPackageReference "firebase-ios-sdk" */,
			);
			productRefGroup = A7A54B4E2B8E592E006EFA56 /* Products */;
			projectDirPath = "";
			projectRoot = "";
			targets = (
				A7A54B4C2B8E592E006EFA56 /* Complete-iOS */,
				A7A54B5E2B8E592F006EFA56 /* Complete-iOSTests */,
				A7A54B682B8E592F006EFA56 /* Complete-iOSUITests */,
				A53852F52BA844280037495D /* NotificationExtension */,
			);
		};
/* End PBXProject section */

/* Begin PBXResourcesBuildPhase section */
		A53852F42BA844280037495D /* Resources */ = {
			isa = PBXResourcesBuildPhase;
			buildActionMask = 2147483647;
			files = (
			);
			runOnlyForDeploymentPostprocessing = 0;
		};
		A7A54B4B2B8E592E006EFA56 /* Resources */ = {
			isa = PBXResourcesBuildPhase;
			buildActionMask = 2147483647;
			files = (
				A7A54B5A2B8E592F006EFA56 /* Preview Assets.xcassets in Resources */,
				A7A54B572B8E592F006EFA56 /* Assets.xcassets in Resources */,
				A7B3CD5F2B98CE400036B861 /* GoogleService-Info.plist in Resources */,
			);
			runOnlyForDeploymentPostprocessing = 0;
		};
		A7A54B5D2B8E592F006EFA56 /* Resources */ = {
			isa = PBXResourcesBuildPhase;
			buildActionMask = 2147483647;
			files = (
			);
			runOnlyForDeploymentPostprocessing = 0;
		};
		A7A54B672B8E592F006EFA56 /* Resources */ = {
			isa = PBXResourcesBuildPhase;
			buildActionMask = 2147483647;
			files = (
			);
			runOnlyForDeploymentPostprocessing = 0;
		};
/* End PBXResourcesBuildPhase section */

/* Begin PBXSourcesBuildPhase section */
		A53852F22BA844280037495D /* Sources */ = {
			isa = PBXSourcesBuildPhase;
			buildActionMask = 2147483647;
			files = (
				A53852F92BA844280037495D /* NotificationService.swift in Sources */,
			);
			runOnlyForDeploymentPostprocessing = 0;
		};
		A7A54B492B8E592E006EFA56 /* Sources */ = {
			isa = PBXSourcesBuildPhase;
			buildActionMask = 2147483647;
			files = (
				A7B3CD4F2B9776760036B861 /* FirebaseAnalyticsService.swift in Sources */,
				A762DAD92B9D78CD00DB8CAE /* String+.swift in Sources */,
				A7B3CD452B962E420036B861 /* AppDelegate.swift in Sources */,
				A7A54B532B8E592E006EFA56 /* ContentView.swift in Sources */,
				A566A6092B981A4700450AC5 /* NotificationService.swift in Sources */,
				A7B3CD522B9779970036B861 /* AppTrackingService.swift in Sources */,
				A7DA29752B98D1FB0046E5CC /* Item.swift in Sources */,
				A762DADB2B9D7B5500DB8CAE /* Data+.swift in Sources */,
				A7A54B512B8E592E006EFA56 /* Complete-iOSApp.swift in Sources */,
				A762DAD42B9CE1C100DB8CAE /* Logger+.swift in Sources */,
			);
			runOnlyForDeploymentPostprocessing = 0;
		};
		A7A54B5B2B8E592F006EFA56 /* Sources */ = {
			isa = PBXSourcesBuildPhase;
			buildActionMask = 2147483647;
			files = (
				A7A54B642B8E592F006EFA56 /* Complete-iOSTests.swift in Sources */,
			);
			runOnlyForDeploymentPostprocessing = 0;
		};
		A7A54B652B8E592F006EFA56 /* Sources */ = {
			isa = PBXSourcesBuildPhase;
			buildActionMask = 2147483647;
			files = (
				A7A54B6E2B8E592F006EFA56 /* Complete-iOSUITests.swift in Sources */,
				A7A54B702B8E592F006EFA56 /* Complete-iOSUITestsLaunchTests.swift in Sources */,
			);
			runOnlyForDeploymentPostprocessing = 0;
		};
/* End PBXSourcesBuildPhase section */

/* Begin PBXTargetDependency section */
		A53852FC2BA844280037495D /* PBXTargetDependency */ = {
			isa = PBXTargetDependency;
			target = A53852F52BA844280037495D /* NotificationExtension */;
			targetProxy = A53852FB2BA844280037495D /* PBXContainerItemProxy */;
		};
		A7A54B612B8E592F006EFA56 /* PBXTargetDependency */ = {
			isa = PBXTargetDependency;
			target = A7A54B4C2B8E592E006EFA56 /* Complete-iOS */;
			targetProxy = A7A54B602B8E592F006EFA56 /* PBXContainerItemProxy */;
		};
		A7A54B6B2B8E592F006EFA56 /* PBXTargetDependency */ = {
			isa = PBXTargetDependency;
			target = A7A54B4C2B8E592E006EFA56 /* Complete-iOS */;
			targetProxy = A7A54B6A2B8E592F006EFA56 /* PBXContainerItemProxy */;
		};
/* End PBXTargetDependency section */

/* Begin XCBuildConfiguration section */
		A53852FF2BA844280037495D /* Debug */ = {
			isa = XCBuildConfiguration;
			buildSettings = {
				CODE_SIGN_STYLE = Automatic;
				CURRENT_PROJECT_VERSION = 1;
				DEVELOPMENT_TEAM = 85693DB6BF;
				GENERATE_INFOPLIST_FILE = YES;
				INFOPLIST_FILE = NotificationExtension/Info.plist;
				INFOPLIST_KEY_CFBundleDisplayName = NotificationExtension;
				INFOPLIST_KEY_NSHumanReadableCopyright = "";
				LD_RUNPATH_SEARCH_PATHS = (
					"$(inherited)",
					"@executable_path/Frameworks",
					"@executable_path/../../Frameworks",
				);
				MARKETING_VERSION = 1.0;
				PRODUCT_BUNDLE_IDENTIFIER = "com.ko1.Complete-iOS.NotificationExtension";
				PRODUCT_NAME = "$(TARGET_NAME)";
				SKIP_INSTALL = YES;
				SWIFT_EMIT_LOC_STRINGS = YES;
				SWIFT_VERSION = 5.0;
				TARGETED_DEVICE_FAMILY = "1,2";
			};
			name = Debug;
		};
		A53853002BA844280037495D /* Release */ = {
			isa = XCBuildConfiguration;
			buildSettings = {
				CODE_SIGN_STYLE = Automatic;
				CURRENT_PROJECT_VERSION = 1;
				DEVELOPMENT_TEAM = 85693DB6BF;
				GENERATE_INFOPLIST_FILE = YES;
				INFOPLIST_FILE = NotificationExtension/Info.plist;
				INFOPLIST_KEY_CFBundleDisplayName = NotificationExtension;
				INFOPLIST_KEY_NSHumanReadableCopyright = "";
				LD_RUNPATH_SEARCH_PATHS = (
					"$(inherited)",
					"@executable_path/Frameworks",
					"@executable_path/../../Frameworks",
				);
				MARKETING_VERSION = 1.0;
				PRODUCT_BUNDLE_IDENTIFIER = "com.ko1.Complete-iOS.NotificationExtension";
				PRODUCT_NAME = "$(TARGET_NAME)";
				SKIP_INSTALL = YES;
				SWIFT_EMIT_LOC_STRINGS = YES;
				SWIFT_VERSION = 5.0;
				TARGETED_DEVICE_FAMILY = "1,2";
			};
			name = Release;
		};
		A7A54B712B8E592F006EFA56 /* Debug */ = {
			isa = XCBuildConfiguration;
			buildSettings = {
				ALWAYS_SEARCH_USER_PATHS = NO;
				ASSETCATALOG_COMPILER_GENERATE_SWIFT_ASSET_SYMBOL_EXTENSIONS = YES;
				CLANG_ANALYZER_NONNULL = YES;
				CLANG_ANALYZER_NUMBER_OBJECT_CONVERSION = YES_AGGRESSIVE;
				CLANG_CXX_LANGUAGE_STANDARD = "gnu++20";
				CLANG_ENABLE_MODULES = YES;
				CLANG_ENABLE_OBJC_ARC = YES;
				CLANG_ENABLE_OBJC_WEAK = YES;
				CLANG_WARN_BLOCK_CAPTURE_AUTORELEASING = YES;
				CLANG_WARN_BOOL_CONVERSION = YES;
				CLANG_WARN_COMMA = YES;
				CLANG_WARN_CONSTANT_CONVERSION = YES;
				CLANG_WARN_DEPRECATED_OBJC_IMPLEMENTATIONS = YES;
				CLANG_WARN_DIRECT_OBJC_ISA_USAGE = YES_ERROR;
				CLANG_WARN_DOCUMENTATION_COMMENTS = YES;
				CLANG_WARN_EMPTY_BODY = YES;
				CLANG_WARN_ENUM_CONVERSION = YES;
				CLANG_WARN_INFINITE_RECURSION = YES;
				CLANG_WARN_INT_CONVERSION = YES;
				CLANG_WARN_NON_LITERAL_NULL_CONVERSION = YES;
				CLANG_WARN_OBJC_IMPLICIT_RETAIN_SELF = YES;
				CLANG_WARN_OBJC_LITERAL_CONVERSION = YES;
				CLANG_WARN_OBJC_ROOT_CLASS = YES_ERROR;
				CLANG_WARN_QUOTED_INCLUDE_IN_FRAMEWORK_HEADER = YES;
				CLANG_WARN_RANGE_LOOP_ANALYSIS = YES;
				CLANG_WARN_STRICT_PROTOTYPES = YES;
				CLANG_WARN_SUSPICIOUS_MOVE = YES;
				CLANG_WARN_UNGUARDED_AVAILABILITY = YES_AGGRESSIVE;
				CLANG_WARN_UNREACHABLE_CODE = YES;
				CLANG_WARN__DUPLICATE_METHOD_MATCH = YES;
				COPY_PHASE_STRIP = NO;
				DEBUG_INFORMATION_FORMAT = dwarf;
				ENABLE_STRICT_OBJC_MSGSEND = YES;
				ENABLE_TESTABILITY = YES;
				ENABLE_USER_SCRIPT_SANDBOXING = YES;
				GCC_C_LANGUAGE_STANDARD = gnu17;
				GCC_DYNAMIC_NO_PIC = NO;
				GCC_NO_COMMON_BLOCKS = YES;
				GCC_OPTIMIZATION_LEVEL = 0;
				GCC_PREPROCESSOR_DEFINITIONS = (
					"DEBUG=1",
					"$(inherited)",
				);
				GCC_WARN_64_TO_32_BIT_CONVERSION = YES;
				GCC_WARN_ABOUT_RETURN_TYPE = YES_ERROR;
				GCC_WARN_UNDECLARED_SELECTOR = YES;
				GCC_WARN_UNINITIALIZED_AUTOS = YES_AGGRESSIVE;
				GCC_WARN_UNUSED_FUNCTION = YES;
				GCC_WARN_UNUSED_VARIABLE = YES;
				IPHONEOS_DEPLOYMENT_TARGET = 17.2;
				LOCALIZATION_PREFERS_STRING_CATALOGS = YES;
				MTL_ENABLE_DEBUG_INFO = INCLUDE_SOURCE;
				MTL_FAST_MATH = YES;
				ONLY_ACTIVE_ARCH = YES;
				SDKROOT = iphoneos;
				SWIFT_ACTIVE_COMPILATION_CONDITIONS = "DEBUG $(inherited)";
				SWIFT_OPTIMIZATION_LEVEL = "-Onone";
			};
			name = Debug;
		};
		A7A54B722B8E592F006EFA56 /* Release */ = {
			isa = XCBuildConfiguration;
			buildSettings = {
				ALWAYS_SEARCH_USER_PATHS = NO;
				ASSETCATALOG_COMPILER_GENERATE_SWIFT_ASSET_SYMBOL_EXTENSIONS = YES;
				CLANG_ANALYZER_NONNULL = YES;
				CLANG_ANALYZER_NUMBER_OBJECT_CONVERSION = YES_AGGRESSIVE;
				CLANG_CXX_LANGUAGE_STANDARD = "gnu++20";
				CLANG_ENABLE_MODULES = YES;
				CLANG_ENABLE_OBJC_ARC = YES;
				CLANG_ENABLE_OBJC_WEAK = YES;
				CLANG_WARN_BLOCK_CAPTURE_AUTORELEASING = YES;
				CLANG_WARN_BOOL_CONVERSION = YES;
				CLANG_WARN_COMMA = YES;
				CLANG_WARN_CONSTANT_CONVERSION = YES;
				CLANG_WARN_DEPRECATED_OBJC_IMPLEMENTATIONS = YES;
				CLANG_WARN_DIRECT_OBJC_ISA_USAGE = YES_ERROR;
				CLANG_WARN_DOCUMENTATION_COMMENTS = YES;
				CLANG_WARN_EMPTY_BODY = YES;
				CLANG_WARN_ENUM_CONVERSION = YES;
				CLANG_WARN_INFINITE_RECURSION = YES;
				CLANG_WARN_INT_CONVERSION = YES;
				CLANG_WARN_NON_LITERAL_NULL_CONVERSION = YES;
				CLANG_WARN_OBJC_IMPLICIT_RETAIN_SELF = YES;
				CLANG_WARN_OBJC_LITERAL_CONVERSION = YES;
				CLANG_WARN_OBJC_ROOT_CLASS = YES_ERROR;
				CLANG_WARN_QUOTED_INCLUDE_IN_FRAMEWORK_HEADER = YES;
				CLANG_WARN_RANGE_LOOP_ANALYSIS = YES;
				CLANG_WARN_STRICT_PROTOTYPES = YES;
				CLANG_WARN_SUSPICIOUS_MOVE = YES;
				CLANG_WARN_UNGUARDED_AVAILABILITY = YES_AGGRESSIVE;
				CLANG_WARN_UNREACHABLE_CODE = YES;
				CLANG_WARN__DUPLICATE_METHOD_MATCH = YES;
				COPY_PHASE_STRIP = NO;
				DEBUG_INFORMATION_FORMAT = "dwarf-with-dsym";
				ENABLE_NS_ASSERTIONS = NO;
				ENABLE_STRICT_OBJC_MSGSEND = YES;
				ENABLE_USER_SCRIPT_SANDBOXING = YES;
				GCC_C_LANGUAGE_STANDARD = gnu17;
				GCC_NO_COMMON_BLOCKS = YES;
				GCC_WARN_64_TO_32_BIT_CONVERSION = YES;
				GCC_WARN_ABOUT_RETURN_TYPE = YES_ERROR;
				GCC_WARN_UNDECLARED_SELECTOR = YES;
				GCC_WARN_UNINITIALIZED_AUTOS = YES_AGGRESSIVE;
				GCC_WARN_UNUSED_FUNCTION = YES;
				GCC_WARN_UNUSED_VARIABLE = YES;
				IPHONEOS_DEPLOYMENT_TARGET = 17.2;
				LOCALIZATION_PREFERS_STRING_CATALOGS = YES;
				MTL_ENABLE_DEBUG_INFO = NO;
				MTL_FAST_MATH = YES;
				SDKROOT = iphoneos;
				SWIFT_COMPILATION_MODE = wholemodule;
				VALIDATE_PRODUCT = YES;
			};
			name = Release;
		};
		A7A54B742B8E592F006EFA56 /* Debug */ = {
			isa = XCBuildConfiguration;
			buildSettings = {
				ALWAYS_EMBED_SWIFT_STANDARD_LIBRARIES = YES;
				ASSETCATALOG_COMPILER_APPICON_NAME = AppIcon;
				ASSETCATALOG_COMPILER_GLOBAL_ACCENT_COLOR_NAME = AccentColor;
				CODE_SIGN_ENTITLEMENTS = "Complete-iOS/Complete-iOS.entitlements";
				"CODE_SIGN_IDENTITY[sdk=iphoneos*]" = "iPhone Developer";
				CODE_SIGN_STYLE = Manual;
				CURRENT_PROJECT_VERSION = 1;
				DEVELOPMENT_ASSET_PATHS = "\"Complete-iOS/Preview Content\"";
				DEVELOPMENT_TEAM = "";
				"DEVELOPMENT_TEAM[sdk=iphoneos*]" = 85693DB6BF;
				ENABLE_PREVIEWS = YES;
				GENERATE_INFOPLIST_FILE = YES;
				INFOPLIST_FILE = "Complete-iOS/Resources/Info.plist";
				INFOPLIST_KEY_NSUserTrackingUsageDescription = "ATTを有効にしますか？";
				INFOPLIST_KEY_UIApplicationSceneManifest_Generation = YES;
				INFOPLIST_KEY_UIApplicationSupportsIndirectInputEvents = YES;
				INFOPLIST_KEY_UILaunchScreen_Generation = YES;
				INFOPLIST_KEY_UISupportedInterfaceOrientations_iPad = "UIInterfaceOrientationPortrait UIInterfaceOrientationPortraitUpsideDown UIInterfaceOrientationLandscapeLeft UIInterfaceOrientationLandscapeRight";
				INFOPLIST_KEY_UISupportedInterfaceOrientations_iPhone = "UIInterfaceOrientationPortrait UIInterfaceOrientationLandscapeLeft UIInterfaceOrientationLandscapeRight";
				LD_RUNPATH_SEARCH_PATHS = (
					"$(inherited)",
					"@executable_path/Frameworks",
				);
				MARKETING_VERSION = 1.0;
				PRODUCT_BUNDLE_IDENTIFIER = "com.ko1.Complete-iOS";
				PRODUCT_NAME = "$(TARGET_NAME)";
				PROVISIONING_PROFILE_SPECIFIER = "";
				"PROVISIONING_PROFILE_SPECIFIER[sdk=iphoneos*]" = "Complete-iOS Dev";
				SWIFT_EMIT_LOC_STRINGS = YES;
				SWIFT_VERSION = 5.0;
				TARGETED_DEVICE_FAMILY = "1,2";
			};
			name = Debug;
		};
		A7A54B752B8E592F006EFA56 /* Release */ = {
			isa = XCBuildConfiguration;
			buildSettings = {
				ALWAYS_EMBED_SWIFT_STANDARD_LIBRARIES = YES;
				ASSETCATALOG_COMPILER_APPICON_NAME = AppIcon;
				ASSETCATALOG_COMPILER_GLOBAL_ACCENT_COLOR_NAME = AccentColor;
				CODE_SIGN_ENTITLEMENTS = "Complete-iOS/Complete-iOS.entitlements";
				"CODE_SIGN_IDENTITY[sdk=iphoneos*]" = "iPhone Developer";
				CODE_SIGN_STYLE = Manual;
				CURRENT_PROJECT_VERSION = 1;
				DEVELOPMENT_ASSET_PATHS = "\"Complete-iOS/Preview Content\"";
				DEVELOPMENT_TEAM = "";
				"DEVELOPMENT_TEAM[sdk=iphoneos*]" = 85693DB6BF;
				ENABLE_PREVIEWS = YES;
				GENERATE_INFOPLIST_FILE = YES;
				INFOPLIST_FILE = "Complete-iOS/Resources/Info.plist";
				INFOPLIST_KEY_NSUserTrackingUsageDescription = "ATTを有効にしますか？";
				INFOPLIST_KEY_UIApplicationSceneManifest_Generation = YES;
				INFOPLIST_KEY_UIApplicationSupportsIndirectInputEvents = YES;
				INFOPLIST_KEY_UILaunchScreen_Generation = YES;
				INFOPLIST_KEY_UISupportedInterfaceOrientations_iPad = "UIInterfaceOrientationPortrait UIInterfaceOrientationPortraitUpsideDown UIInterfaceOrientationLandscapeLeft UIInterfaceOrientationLandscapeRight";
				INFOPLIST_KEY_UISupportedInterfaceOrientations_iPhone = "UIInterfaceOrientationPortrait UIInterfaceOrientationLandscapeLeft UIInterfaceOrientationLandscapeRight";
				LD_RUNPATH_SEARCH_PATHS = (
					"$(inherited)",
					"@executable_path/Frameworks",
				);
				MARKETING_VERSION = 1.0;
				PRODUCT_BUNDLE_IDENTIFIER = "com.ko1.Complete-iOS";
				PRODUCT_NAME = "$(TARGET_NAME)";
				PROVISIONING_PROFILE_SPECIFIER = "";
				"PROVISIONING_PROFILE_SPECIFIER[sdk=iphoneos*]" = "Complete-iOS Dev";
				SWIFT_EMIT_LOC_STRINGS = YES;
				SWIFT_VERSION = 5.0;
				TARGETED_DEVICE_FAMILY = "1,2";
			};
			name = Release;
		};
		A7A54B772B8E592F006EFA56 /* Debug */ = {
			isa = XCBuildConfiguration;
			buildSettings = {
				ALWAYS_EMBED_SWIFT_STANDARD_LIBRARIES = YES;
				BUNDLE_LOADER = "$(TEST_HOST)";
				CODE_SIGN_STYLE = Automatic;
				CURRENT_PROJECT_VERSION = 1;
				DEVELOPMENT_TEAM = 85693DB6BF;
				GENERATE_INFOPLIST_FILE = YES;
				IPHONEOS_DEPLOYMENT_TARGET = 17.2;
				MARKETING_VERSION = 1.0;
				PRODUCT_BUNDLE_IDENTIFIER = "com.ko1.Complete-iOSTests";
				PRODUCT_NAME = "$(TARGET_NAME)";
				SWIFT_EMIT_LOC_STRINGS = NO;
				SWIFT_VERSION = 5.0;
				TARGETED_DEVICE_FAMILY = "1,2";
				TEST_HOST = "$(BUILT_PRODUCTS_DIR)/Complete-iOS.app/$(BUNDLE_EXECUTABLE_FOLDER_PATH)/Complete-iOS";
			};
			name = Debug;
		};
		A7A54B782B8E592F006EFA56 /* Release */ = {
			isa = XCBuildConfiguration;
			buildSettings = {
				ALWAYS_EMBED_SWIFT_STANDARD_LIBRARIES = YES;
				BUNDLE_LOADER = "$(TEST_HOST)";
				CODE_SIGN_STYLE = Automatic;
				CURRENT_PROJECT_VERSION = 1;
				DEVELOPMENT_TEAM = 85693DB6BF;
				GENERATE_INFOPLIST_FILE = YES;
				IPHONEOS_DEPLOYMENT_TARGET = 17.2;
				MARKETING_VERSION = 1.0;
				PRODUCT_BUNDLE_IDENTIFIER = "com.ko1.Complete-iOSTests";
				PRODUCT_NAME = "$(TARGET_NAME)";
				SWIFT_EMIT_LOC_STRINGS = NO;
				SWIFT_VERSION = 5.0;
				TARGETED_DEVICE_FAMILY = "1,2";
				TEST_HOST = "$(BUILT_PRODUCTS_DIR)/Complete-iOS.app/$(BUNDLE_EXECUTABLE_FOLDER_PATH)/Complete-iOS";
			};
			name = Release;
		};
		A7A54B7A2B8E592F006EFA56 /* Debug */ = {
			isa = XCBuildConfiguration;
			buildSettings = {
				ALWAYS_EMBED_SWIFT_STANDARD_LIBRARIES = YES;
				CODE_SIGN_STYLE = Automatic;
				CURRENT_PROJECT_VERSION = 1;
				DEVELOPMENT_TEAM = 85693DB6BF;
				GENERATE_INFOPLIST_FILE = YES;
				MARKETING_VERSION = 1.0;
				PRODUCT_BUNDLE_IDENTIFIER = "com.ko1.Complete-iOSUITests";
				PRODUCT_NAME = "$(TARGET_NAME)";
				SWIFT_EMIT_LOC_STRINGS = NO;
				SWIFT_VERSION = 5.0;
				TARGETED_DEVICE_FAMILY = "1,2";
				TEST_TARGET_NAME = "Complete-iOS";
			};
			name = Debug;
		};
		A7A54B7B2B8E592F006EFA56 /* Release */ = {
			isa = XCBuildConfiguration;
			buildSettings = {
				ALWAYS_EMBED_SWIFT_STANDARD_LIBRARIES = YES;
				CODE_SIGN_STYLE = Automatic;
				CURRENT_PROJECT_VERSION = 1;
				DEVELOPMENT_TEAM = 85693DB6BF;
				GENERATE_INFOPLIST_FILE = YES;
				MARKETING_VERSION = 1.0;
				PRODUCT_BUNDLE_IDENTIFIER = "com.ko1.Complete-iOSUITests";
				PRODUCT_NAME = "$(TARGET_NAME)";
				SWIFT_EMIT_LOC_STRINGS = NO;
				SWIFT_VERSION = 5.0;
				TARGETED_DEVICE_FAMILY = "1,2";
				TEST_TARGET_NAME = "Complete-iOS";
			};
			name = Release;
		};
/* End XCBuildConfiguration section */

/* Begin XCConfigurationList section */
		A53853012BA844280037495D /* Build configuration list for PBXNativeTarget "NotificationExtension" */ = {
			isa = XCConfigurationList;
			buildConfigurations = (
				A53852FF2BA844280037495D /* Debug */,
				A53853002BA844280037495D /* Release */,
			);
			defaultConfigurationIsVisible = 0;
			defaultConfigurationName = Release;
		};
		A7A54B482B8E592E006EFA56 /* Build configuration list for PBXProject "Complete-iOS" */ = {
			isa = XCConfigurationList;
			buildConfigurations = (
				A7A54B712B8E592F006EFA56 /* Debug */,
				A7A54B722B8E592F006EFA56 /* Release */,
			);
			defaultConfigurationIsVisible = 0;
			defaultConfigurationName = Release;
		};
		A7A54B732B8E592F006EFA56 /* Build configuration list for PBXNativeTarget "Complete-iOS" */ = {
			isa = XCConfigurationList;
			buildConfigurations = (
				A7A54B742B8E592F006EFA56 /* Debug */,
				A7A54B752B8E592F006EFA56 /* Release */,
			);
			defaultConfigurationIsVisible = 0;
			defaultConfigurationName = Release;
		};
		A7A54B762B8E592F006EFA56 /* Build configuration list for PBXNativeTarget "Complete-iOSTests" */ = {
			isa = XCConfigurationList;
			buildConfigurations = (
				A7A54B772B8E592F006EFA56 /* Debug */,
				A7A54B782B8E592F006EFA56 /* Release */,
			);
			defaultConfigurationIsVisible = 0;
			defaultConfigurationName = Release;
		};
		A7A54B792B8E592F006EFA56 /* Build configuration list for PBXNativeTarget "Complete-iOSUITests" */ = {
			isa = XCConfigurationList;
			buildConfigurations = (
				A7A54B7A2B8E592F006EFA56 /* Debug */,
				A7A54B7B2B8E592F006EFA56 /* Release */,
			);
			defaultConfigurationIsVisible = 0;
			defaultConfigurationName = Release;
		};
/* End XCConfigurationList section */

/* Begin XCRemoteSwiftPackageReference section */
		A7B3CD592B98C7490036B861 /* XCRemoteSwiftPackageReference "firebase-ios-sdk" */ = {
			isa = XCRemoteSwiftPackageReference;
			repositoryURL = "https://github.com/firebase/firebase-ios-sdk";
			requirement = {
				kind = upToNextMajorVersion;
				minimumVersion = 10.22.0;
			};
		};
/* End XCRemoteSwiftPackageReference section */

/* Begin XCSwiftPackageProductDependency section */
		A762DAD62B9D6BAA00DB8CAE /* FirebaseMessaging */ = {
			isa = XCSwiftPackageProductDependency;
			package = A7B3CD592B98C7490036B861 /* XCRemoteSwiftPackageReference "firebase-ios-sdk" */;
			productName = FirebaseMessaging;
		};
		A77D97042BAEACEB00E7FBBC /* FirebaseMessaging */ = {
			isa = XCSwiftPackageProductDependency;
			package = A7B3CD592B98C7490036B861 /* XCRemoteSwiftPackageReference "firebase-ios-sdk" */;
			productName = FirebaseMessaging;
		};
		A7B3CD5A2B98C7490036B861 /* FirebaseAnalytics */ = {
			isa = XCSwiftPackageProductDependency;
			package = A7B3CD592B98C7490036B861 /* XCRemoteSwiftPackageReference "firebase-ios-sdk" */;
			productName = FirebaseAnalytics;
		};
/* End XCSwiftPackageProductDependency section */
	};
	rootObject = A7A54B452B8E592E006EFA56 /* Project object */;
}
